
Microsoft Visual Studio Solution File, Format Version 12.00
# Visual Studio 15
VisualStudioVersion = 15.0.28307.1267
MinimumVisualStudioVersion = 10.0.40219.1
Project("{FAE04EC0-301F-11D3-BF4B-00C04F79EFBC}") = "Adapter", "Adapter\Adapter.csproj", "{8C39F457-6695-4E6B-9DA2-2BE2AE787D5B}"
EndProject
Global
	GlobalSection(SolutionConfigurationPlatforms) = preSolution
		Debug|Any CPU = Debug|Any CPU
		Release|Any CPU = Release|Any CPU
	EndGlobalSection
	GlobalSection(ProjectConfigurationPlatforms) = postSolution
		{8C39F457-6695-4E6B-9DA2-2BE2AE787D5B}.Debug|Any CPU.ActiveCfg = Debug|Any CPU
		{8C39F457-6695-4E6B-9DA2-2BE2AE787D5B}.Debug|Any CPU.Build.0 = Debug|Any CPU
		{8C39F457-6695-4E6B-9DA2-2BE2AE787D5B}.Release|Any CPU.ActiveCfg = Release|Any CPU
		{8C39F457-6695-4E6B-9DA2-2BE2AE787D5B}.Release|Any CPU.Build.0 = Release|Any CPU
	EndGlobalSection
	GlobalSection(SolutionProperties) = preSolution
		HideSolutionNode = FALSE
	EndGlobalSection
	GlobalSection(ExtensibilityGlobals) = postSolution
		SolutionGuid = {B0A8769E-E0DA-4BBC-ABCE-8F8495617894}
	EndGlobalSection
EndGlobal
